
Microsoft Visual Studio Solution File, Format Version 12.00
# Visual Studio 15
VisualStudioVersion = 15.0.28307.1062
MinimumVisualStudioVersion = 10.0.40219.1
Project("{FAE04EC0-301F-11D3-BF4B-00C04F79EFBC}") = "OfficeCommuteService", "OfficeCommuteService\OfficeCommuteService.csproj", "{A3D5B36E-2927-4FA1-969D-AD7CBC312D42}"
EndProject
Project("{FAE04EC0-301F-11D3-BF4B-00C04F79EFBC}") = "OfficeCommuteServiceTests", "OfficeCommuteServiceTests\OfficeCommuteServiceTests.csproj", "{33949908-BDBB-4D3F-8A68-90D339E2F904}"
EndProject
Global
	GlobalSection(SolutionConfigurationPlatforms) = preSolution
		Debug|Any CPU = Debug|Any CPU
		Release|Any CPU = Release|Any CPU
	EndGlobalSection
	GlobalSection(ProjectConfigurationPlatforms) = postSolution
		{A3D5B36E-2927-4FA1-969D-AD7CBC312D42}.Debug|Any CPU.ActiveCfg = Debug|Any CPU
		{A3D5B36E-2927-4FA1-969D-AD7CBC312D42}.Debug|Any CPU.Build.0 = Debug|Any CPU
		{A3D5B36E-2927-4FA1-969D-AD7CBC312D42}.Release|Any CPU.ActiveCfg = Release|Any CPU
		{A3D5B36E-2927-4FA1-969D-AD7CBC312D42}.Release|Any CPU.Build.0 = Release|Any CPU
		{33949908-BDBB-4D3F-8A68-90D339E2F904}.Debug|Any CPU.ActiveCfg = Debug|Any CPU
		{33949908-BDBB-4D3F-8A68-90D339E2F904}.Debug|Any CPU.Build.0 = Debug|Any CPU
		{33949908-BDBB-4D3F-8A68-90D339E2F904}.Release|Any CPU.ActiveCfg = Release|Any CPU
		{33949908-BDBB-4D3F-8A68-90D339E2F904}.Release|Any CPU.Build.0 = Release|Any CPU
	EndGlobalSection
	GlobalSection(SolutionProperties) = preSolution
		HideSolutionNode = FALSE
	EndGlobalSection
	GlobalSection(ExtensibilityGlobals) = postSolution
		SolutionGuid = {790BF5D9-7DEE-4AFF-B650-046D2CD50168}
	EndGlobalSection
EndGlobal
